github.com/anasamu/microservices-library-go/backup/providers/local v0.0.0-20250910142242-8bec92b8b0f4 h1:82A+JE9tvnhd/inm/N9HzQ4V4Egx1VPKWzeMtHFXK/8=
github.com/anasamu/microservices-library-go/backup/providers/local v0.0.0-20250910142242-8bec92b8b0f4/go.mod h1:tg4WNtz3/x5iI18jXa50isHiOTHKUMTwjIfUn1WwRCk=
