github.com/anasamu/microservices-library-go/ai/providers/anthropic v0.0.0-20250912215402-18e0574b055a h1:IbzIOTa2ggOxniZX8LRL2cSeLnTQh/7wdWpMk+g8xaY=
github.com/anasamu/microservices-library-go/ai/providers/anthropic v0.0.0-20250912215402-18e0574b055a/go.mod h1:wwIobVfGSDkUcsMXWF2L5HvdatGl6rOG60yudj/MQ2s=
github.com/anasamu/microservices-library-go/ai/providers/deepseek v0.0.0-20250912215402-18e0574b055a h1:aSQ8RWGFhEan4k0cg8aqS3wR517pyyq8iWAbTdH0Hi4=
github.com/anasamu/microservices-library-go/ai/providers/deepseek v0.0.0-20250912215402-18e0574b055a/go.mod h1:Dz90IYRc7CMAliZF6MK9Tv3+T0Zr5v1xrTaSJ7t+VOc=
github.com/anasamu/microservices-library-go/ai/providers/google v0.0.0-20250912215402-18e0574b055a h1:rleYyaQtA3z3o/ao/uydFlQFSzvK0goSZORGyPUgdiA=
github.com/anasamu/microservices-library-go/ai/providers/google v0.0.0-20250912215402-18e0574b055a/go.mod h1:ic01ftoJeEcuBvhbzxfaJIJ2fbfsp1U2Afv7gS0VEfY=
github.com/anasamu/microservices-library-go/ai/providers/openai v0.0.0-20250912215402-18e0574b055a h1:f9ZXXWb/tiKKyGaTg62sIz8sohInG/QghUy2cTkKbTo=
github.com/anasamu/microservices-library-go/ai/providers/openai v0.0.0-20250912215402-18e0574b055a/go.mod h1:PW7nEUFRZcjbP7mN/1UAR/SApSK3l6RJ0bxen9cQpm0=
github.com/anasamu/microservices-library-go/ai/providers/xai v0.0.0-20250912215402-18e0574b055a h1:cixPweYvycn1mFF3bIHdkKgDXPo3rvN7xF/4QBvdMT4=
github.com/anasamu/microservices-library-go/ai/providers/xai v0.0.0-20250912215402-18e0574b055a/go.mod h1:ryKClzP/rn1raoEHgjWmPS9YkFn72JVosJp54LKDCz0=
github.com/anasamu/microservices-library-go/ai/types v1.0.0 h1:QYO2xhghkCs3LuYtXUbN1Eak/fGurSI3WbdFQdFPbpA=
github.com/anasamu/microservices-library-go/ai/types v1.0.0/go.mod h1:ACJsWDDbRfo3bgSnL6WpgT3wnOl4iWmRJMtxIkvuXD0=
